{
  "version": 4,
  "terraform_version": "0.12.0",
  "serial": 92,
  "lineage": "8a4d4edb-0169-02de-0946-c53237683bd8",
  "outputs": {},
  "resources": [
    {
      "mode": "managed",
      "type": "aws_instance",
      "name": "docker_host",
      "provider": "provider.aws",
      "instances": [
        {
          "schema_version": 1,
          "attributes": {
            "ami": "ami-0ebbf2179e615c338",
            "arn": "arn:aws:ec2:us-east-2:965156896946:instance/i-0679e7f0081285697",
            "associate_public_ip_address": true,
            "availability_zone": "us-east-2b",
            "cpu_core_count": 1,
            "cpu_threads_per_core": 1,
            "credit_specification": [
              {
                "cpu_credits": "standard"
              }
            ],
            "disable_api_termination": false,
            "ebs_block_device": [],
            "ebs_optimized": false,
            "ephemeral_block_device": [],
            "get_password_data": false,
            "host_id": null,
            "iam_instance_profile": "",
            "id": "i-0679e7f0081285697",
            "instance_initiated_shutdown_behavior": null,
            "instance_state": "running",
            "instance_type": "t2.micro",
            "ipv6_address_count": 0,
            "ipv6_addresses": [],
            "key_name": "mdas_key",
            "monitoring": false,
            "network_interface": [],
            "network_interface_id": null,
            "password_data": "",
            "placement_group": "",
            "primary_network_interface_id": "eni-0ff265042d7464d26",
            "private_dns": "ip-10-2-1-87.us-east-2.compute.internal",
            "private_ip": "10.2.1.87",
            "public_dns": "ec2-18-224-18-51.us-east-2.compute.amazonaws.com",
            "public_ip": "18.224.18.51",
            "root_block_device": [
              {
                "delete_on_termination": true,
                "iops": 100,
                "volume_id": "vol-04bca5009f733a3db",
                "volume_size": 8,
                "volume_type": "gp2"
              }
            ],
            "security_groups": [],
            "source_dest_check": true,
            "subnet_id": "subnet-04ab2cc5f2508b717",
            "tags": {
              "Name": "mdas docker host"
            },
            "tenancy": "default",
            "timeouts": null,
            "user_data": null,
            "user_data_base64": null,
            "volume_tags": {},
            "vpc_security_group_ids": [
              "sg-014ccec9ce655e24d"
            ]
          },
          "depends_on": [
            "aws_key_pair.auth",
            "aws_security_group.mdas",
            "aws_subnet.mdas"
          ]
        }
      ]
    },
    {
      "mode": "managed",
      "type": "aws_internet_gateway",
      "name": "mdas",
      "provider": "provider.aws",
      "instances": [
        {
          "schema_version": 0,
          "attributes": {
            "id": "igw-0664c195cbd5834e7",
            "owner_id": "965156896946",
            "tags": {},
            "vpc_id": "vpc-02223861d99befe21"
          },
          "depends_on": [
            "aws_vpc.mdas"
          ]
        }
      ]
    },
    {
      "mode": "managed",
      "type": "aws_key_pair",
      "name": "auth",
      "provider": "provider.aws",
      "instances": [
        {
          "schema_version": 1,
          "attributes": {
            "fingerprint": "05:1d:ec:1e:11:e7:c2:67:55:1d:4c:6e:76:2f:43:39",
            "id": "mdas_key",
            "key_name": "mdas_key",
            "key_name_prefix": null,
            "public_key": "---- BEGIN SSH2 PUBLIC KEY ----\r\nComment: \"rsa-key-20190530\"\r\nAAAAB3NzaC1yc2EAAAABJQAAAQB36062MKFNm/d0vn/aPcweQnPouSP+rNznJb40\r\nMwzBL2wBo/NOHeWoZAl/2E56XS8BxeQWH2mB/oBpn7VV/H++Mqqo08DVZPmsGyGv\r\nijxJ4oEpr1KjV3aWb1ANbrTxViqs93P9wxT/5KzpqyS2V7KgdzKzaR+5CEMZn0FF\r\ny7sURlO7L5fqTiM413A5TLwcvH91VQdra3jAcHTyBDdKrff9ynaq2n5bnGAuQ4ME\r\nKnJM/UUNhWgaGB7tWMCR0PWraLBvdjsHNedLsIQOUmTpK9LwocjFizdk++Xe13vB\r\njzFC/8/gsNtwO3nuugSWEuaBHh6qAm8Nxv0KDet5nmggiCx9\r\n---- END SSH2 PUBLIC KEY ----"
          }
        }
      ]
    },
    {
      "mode": "managed",
      "type": "aws_route",
      "name": "internet_access",
      "provider": "provider.aws",
      "instances": [
        {
          "schema_version": 0,
          "attributes": {
            "destination_cidr_block": "0.0.0.0/0",
            "destination_ipv6_cidr_block": null,
            "destination_prefix_list_id": "",
            "egress_only_gateway_id": "",
            "gateway_id": "igw-0664c195cbd5834e7",
            "id": "r-rtb-05e858441941769161080289494",
            "instance_id": "",
            "instance_owner_id": "",
            "nat_gateway_id": "",
            "network_interface_id": "",
            "origin": "CreateRoute",
            "route_table_id": "rtb-05e85844194176916",
            "state": "active",
            "timeouts": null,
            "transit_gateway_id": "",
            "vpc_peering_connection_id": ""
          },
          "depends_on": [
            "aws_internet_gateway.mdas",
            "aws_vpc.mdas"
          ]
        }
      ]
    },
    {
      "mode": "managed",
      "type": "aws_security_group",
      "name": "mdas",
      "provider": "provider.aws",
      "instances": [
        {
          "schema_version": 1,
          "attributes": {
            "arn": "arn:aws:ec2:us-east-2:965156896946:security-group/sg-014ccec9ce655e24d",
            "description": "Used for web services",
            "egress": [
              {
                "cidr_blocks": [
                  "0.0.0.0/0"
                ],
                "description": "",
                "from_port": 0,
                "ipv6_cidr_blocks": [],
                "prefix_list_ids": [],
                "protocol": "-1",
                "security_groups": [],
                "self": false,
                "to_port": 0
              }
            ],
            "id": "sg-014ccec9ce655e24d",
            "ingress": [
              {
                "cidr_blocks": [
                  "0.0.0.0/0"
                ],
                "description": "",
                "from_port": 22,
                "ipv6_cidr_blocks": [],
                "prefix_list_ids": [],
                "protocol": "tcp",
                "security_groups": [],
                "self": false,
                "to_port": 22
              },
              {
                "cidr_blocks": [
                  "10.0.0.0/16"
                ],
                "description": "",
                "from_port": 80,
                "ipv6_cidr_blocks": [],
                "prefix_list_ids": [],
                "protocol": "tcp",
                "security_groups": [],
                "self": false,
                "to_port": 80
              }
            ],
            "name": "mdas_security_group",
            "name_prefix": null,
            "owner_id": "965156896946",
            "revoke_rules_on_delete": false,
            "tags": {},
            "timeouts": null,
            "vpc_id": "vpc-02223861d99befe21"
          },
          "depends_on": [
            "aws_vpc.mdas"
          ]
        }
      ]
    },
    {
      "mode": "managed",
      "type": "aws_subnet",
      "name": "mdas",
      "provider": "provider.aws",
      "instances": [
        {
          "schema_version": 1,
          "attributes": {
            "arn": "arn:aws:ec2:us-east-2:965156896946:subnet/subnet-04ab2cc5f2508b717",
            "assign_ipv6_address_on_creation": false,
            "availability_zone": "us-east-2b",
            "availability_zone_id": "use2-az2",
            "cidr_block": "10.2.1.0/24",
            "id": "subnet-04ab2cc5f2508b717",
            "ipv6_cidr_block": "",
            "ipv6_cidr_block_association_id": "",
            "map_public_ip_on_launch": true,
            "owner_id": "965156896946",
            "tags": {},
            "timeouts": null,
            "vpc_id": "vpc-02223861d99befe21"
          },
          "depends_on": [
            "aws_vpc.mdas"
          ]
        }
      ]
    },
    {
      "mode": "managed",
      "type": "aws_vpc",
      "name": "mdas",
      "provider": "provider.aws",
      "instances": [
        {
          "schema_version": 1,
          "attributes": {
            "arn": "arn:aws:ec2:us-east-2:965156896946:vpc/vpc-02223861d99befe21",
            "assign_generated_ipv6_cidr_block": false,
            "cidr_block": "10.2.0.0/16",
            "default_network_acl_id": "acl-0ccb6a4fd292b3128",
            "default_route_table_id": "rtb-05e85844194176916",
            "default_security_group_id": "sg-00df7f3a4fffd4f53",
            "dhcp_options_id": "dopt-883d49e0",
            "enable_classiclink": null,
            "enable_classiclink_dns_support": null,
            "enable_dns_hostnames": true,
            "enable_dns_support": true,
            "id": "vpc-02223861d99befe21",
            "instance_tenancy": "default",
            "ipv6_association_id": "",
            "ipv6_cidr_block": "",
            "main_route_table_id": "rtb-05e85844194176916",
            "owner_id": "965156896946",
            "tags": {}
          }
        }
      ]
    }
  ]
}
